// !$*UTF8*$!
{
	archiveVersion = 1;
	classes = {
	};
	objectVersion = 77;
	objects = {

/* Begin PBXContainerItemProxy section */
		705CEABD2D4CF07E00236AEF /* PBXContainerItemProxy */ = {
			isa = PBXContainerItemProxy;
			containerPortal = 705CEAA22D4CF07D00236AEF /* Project object */;
			proxyType = 1;
			remoteGlobalIDString = 705CEAA92D4CF07D00236AEF;
			remoteInfo = Palliad;
		};
		705CEAC72D4CF07E00236AEF /* PBXContainerItemProxy */ = {
			isa = PBXContainerItemProxy;
			containerPortal = 705CEAA22D4CF07D00236AEF /* Project object */;
			proxyType = 1;
			remoteGlobalIDString = 705CEAA92D4CF07D00236AEF;
			remoteInfo = Palliad;
		};
/* End PBXContainerItemProxy section */

/* Begin PBXFileReference section */
		705CEAAA2D4CF07D00236AEF /* Palliad.app */ = {isa = PBXFileReference; explicitFileType = wrapper.application; includeInIndex = 0; path = Palliad.app; sourceTree = BUILT_PRODUCTS_DIR; };
		705CEABC2D4CF07E00236AEF /* PalliadTests.xctest */ = {isa = PBXFileReference; explicitFileType = wrapper.cfbundle; includeInIndex = 0; path = PalliadTests.xctest; sourceTree = BUILT_PRODUCTS_DIR; };
		705CEAC62D4CF07E00236AEF /* PalliadUITests.xctest */ = {isa = PBXFileReference; explicitFileType = wrapper.cfbundle; includeInIndex = 0; path = PalliadUITests.xctest; sourceTree = BUILT_PRODUCTS_DIR; };
/* End PBXFileReference section */

/* Begin PBXFileSystemSynchronizedRootGroup section */
		705CEAAC2D4CF07D00236AEF /* Palliad */ = {
			isa = PBXFileSystemSynchronizedRootGroup;
			path = Palliad;
			sourceTree = "<group>";
		};
		705CEABF2D4CF07E00236AEF /* PalliadTests */ = {
			isa = PBXFileSystemSynchronizedRootGroup;
			path = PalliadTests;
			sourceTree = "<group>";
		};
		705CEAC92D4CF07E00236AEF /* PalliadUITests */ = {
			isa = PBXFileSystemSynchronizedRootGroup;
			path = PalliadUITests;
			sourceTree = "<group>";
		};
/* End PBXFileSystemSynchronizedRootGroup section */

/* Begin PBXFrameworksBuildPhase section */
		705CEAA72D4CF07D00236AEF /* Frameworks */ = {
			isa = PBXFrameworksBuildPhase;
			buildActionMask = 2147483647;
			files = (
			);
			runOnlyForDeploymentPostprocessing = 0;
		};
		705CEAB92D4CF07E00236AEF /* Frameworks */ = {
			isa = PBXFrameworksBuildPhase;
			buildActionMask = 2147483647;
			files = (
			);
			runOnlyForDeploymentPostprocessing = 0;
		};
		705CEAC32D4CF07E00236AEF /* Frameworks */ = {
			isa = PBXFrameworksBuildPhase;
			buildActionMask = 2147483647;
			files = (
			);
			runOnlyForDeploymentPostprocessing = 0;
		};
/* End PBXFrameworksBuildPhase section */

/* Begin PBXGroup section */
		705CEAA12D4CF07D00236AEF = {
			isa = PBXGroup;
			children = (
				705CEAAC2D4CF07D00236AEF /* Palliad */,
				705CEABF2D4CF07E00236AEF /* PalliadTests */,
				705CEAC92D4CF07E00236AEF /* PalliadUITests */,
				705CEAAB2D4CF07D00236AEF /* Products */,
			);
			sourceTree = "<group>";
		};
		705CEAAB2D4CF07D00236AEF /* Products */ = {
			isa = PBXGroup;
			children = (
				705CEAAA2D4CF07D00236AEF /* Palliad.app */,
				705CEABC2D4CF07E00236AEF /* PalliadTests.xctest */,
				705CEAC62D4CF07E00236AEF /* PalliadUITests.xctest */,
			);
			name = Products;
			sourceTree = "<group>";
		};
/* End PBXGroup section */

/* Begin PBXNativeTarget section */
		705CEAA92D4CF07D00236AEF /* Palliad */ = {
			isa = PBXNativeTarget;
			buildConfigurationList = 705CEAD02D4CF07E00236AEF /* Build configuration list for PBXNativeTarget "Palliad" */;
			buildPhases = (
				705CEAA62D4CF07D00236AEF /* Sources */,
				705CEAA72D4CF07D00236AEF /* Frameworks */,
				705CEAA82D4CF07D00236AEF /* Resources */,
			);
			buildRules = (
			);
			dependencies = (
			);
			fileSystemSynchronizedGroups = (
				705CEAAC2D4CF07D00236AEF /* Palliad */,
			);
			name = Palliad;
			packageProductDependencies = (
			);
			productName = Palliad;
			productReference = 705CEAAA2D4CF07D00236AEF /* Palliad.app */;
			productType = "com.apple.product-type.application";
		};
		705CEABB2D4CF07E00236AEF /* PalliadTests */ = {
			isa = PBXNativeTarget;
			buildConfigurationList = 705CEAD32D4CF07E00236AEF /* Build configuration list for PBXNativeTarget "PalliadTests" */;
			buildPhases = (
				705CEAB82D4CF07E00236AEF /* Sources */,
				705CEAB92D4CF07E00236AEF /* Frameworks */,
				705CEABA2D4CF07E00236AEF /* Resources */,
			);
			buildRules = (
			);
			dependencies = (
				705CEABE2D4CF07E00236AEF /* PBXTargetDependency */,
			);
			fileSystemSynchronizedGroups = (
				705CEABF2D4CF07E00236AEF /* PalliadTests */,
			);
			name = PalliadTests;
			packageProductDependencies = (
			);
			productName = PalliadTests;
			productReference = 705CEABC2D4CF07E00236AEF /* PalliadTests.xctest */;
			productType = "com.apple.product-type.bundle.unit-test";
		};
		705CEAC52D4CF07E00236AEF /* PalliadUITests */ = {
			isa = PBXNativeTarget;
			buildConfigurationList = 705CEAD62D4CF07E00236AEF /* Build configuration list for PBXNativeTarget "PalliadUITests" */;
			buildPhases = (
				705CEAC22D4CF07E00236AEF /* Sources */,
				705CEAC32D4CF07E00236AEF /* Frameworks */,
				705CEAC42D4CF07E00236AEF /* Resources */,
			);
			buildRules = (
			);
			dependencies = (
				705CEAC82D4CF07E00236AEF /* PBXTargetDependency */,
			);
			fileSystemSynchronizedGroups = (
				705CEAC92D4CF07E00236AEF /* PalliadUITests */,
			);
			name = PalliadUITests;
			packageProductDependencies = (
			);
			productName = PalliadUITests;
			productReference = 705CEAC62D4CF07E00236AEF /* PalliadUITests.xctest */;
			productType = "com.apple.product-type.bundle.ui-testing";
		};
/* End PBXNativeTarget section */

/* Begin PBXProject section */
		705CEAA22D4CF07D00236AEF /* Project object */ = {
			isa = PBXProject;
			attributes = {
				BuildIndependentTargetsInParallel = 1;
				LastSwiftUpdateCheck = 1620;
				LastUpgradeCheck = 1620;
				TargetAttributes = {
					705CEAA92D4CF07D00236AEF = {
						CreatedOnToolsVersion = 16.2;
					};
					705CEABB2D4CF07E00236AEF = {
						CreatedOnToolsVersion = 16.2;
						TestTargetID = 705CEAA92D4CF07D00236AEF;
					};
					705CEAC52D4CF07E00236AEF = {
						CreatedOnToolsVersion = 16.2;
						TestTargetID = 705CEAA92D4CF07D00236AEF;
					};
				};
			};
			buildConfigurationList = 705CEAA52D4CF07D00236AEF /* Build configuration list for PBXProject "Palliad" */;
			developmentRegion = en;
			hasScannedForEncodings = 0;
			knownRegions = (
				en,
				Base,
			);
			mainGroup = 705CEAA12D4CF07D00236AEF;
			minimizedProjectReferenceProxies = 1;
			preferredProjectObjectVersion = 77;
			productRefGroup = 705CEAAB2D4CF07D00236AEF /* Products */;
			projectDirPath = "";
			projectRoot = "";
			targets = (
				705CEAA92D4CF07D00236AEF /* Palliad */,
				705CEABB2D4CF07E00236AEF /* PalliadTests */,
				705CEAC52D4CF07E00236AEF /* PalliadUITests */,
			);
		};
/* End PBXProject section */

/* Begin PBXResourcesBuildPhase section */
		705CEAA82D4CF07D00236AEF /* Resources */ = {
			isa = PBXResourcesBuildPhase;
			buildActionMask = 2147483647;
			files = (
			);
			runOnlyForDeploymentPostprocessing = 0;
		};
		705CEABA2D4CF07E00236AEF /* Resources */ = {
			isa = PBXResourcesBuildPhase;
			buildActionMask = 2147483647;
			files = (
			);
			runOnlyForDeploymentPostprocessing = 0;
		};
		705CEAC42D4CF07E00236AEF /* Resources */ = {
			isa = PBXResourcesBuildPhase;
			buildActionMask = 2147483647;
			files = (
			);
			runOnlyForDeploymentPostprocessing = 0;
		};
/* End PBXResourcesBuildPhase section */

/* Begin PBXSourcesBuildPhase section */
		705CEAA62D4CF07D00236AEF /* Sources */ = {
			isa = PBXSourcesBuildPhase;
			buildActionMask = 2147483647;
			files = (
			);
			runOnlyForDeploymentPostprocessing = 0;
		};
		705CEAB82D4CF07E00236AEF /* Sources */ = {
			isa = PBXSourcesBuildPhase;
			buildActionMask = 2147483647;
			files = (
			);
			runOnlyForDeploymentPostprocessing = 0;
		};
		705CEAC22D4CF07E00236AEF /* Sources */ = {
			isa = PBXSourcesBuildPhase;
			buildActionMask = 2147483647;
			files = (
			);
			runOnlyForDeploymentPostprocessing = 0;
		};
/* End PBXSourcesBuildPhase section */

/* Begin PBXTargetDependency section */
		705CEABE2D4CF07E00236AEF /* PBXTargetDependency */ = {
			isa = PBXTargetDependency;
			target = 705CEAA92D4CF07D00236AEF /* Palliad */;
			targetProxy = 705CEABD2D4CF07E00236AEF /* PBXContainerItemProxy */;
		};
		705CEAC82D4CF07E00236AEF /* PBXTargetDependency */ = {
			isa = PBXTargetDependency;
			target = 705CEAA92D4CF07D00236AEF /* Palliad */;
			targetProxy = 705CEAC72D4CF07E00236AEF /* PBXContainerItemProxy */;
		};
/* End PBXTargetDependency section */

/* Begin XCBuildConfiguration section */
		705CEACE2D4CF07E00236AEF /* Debug */ = {
			isa = XCBuildConfiguration;
			buildSettings = {
				ALWAYS_SEARCH_USER_PATHS = NO;
				ASSETCATALOG_COMPILER_GENERATE_SWIFT_ASSET_SYMBOL_EXTENSIONS = YES;
				CLANG_ANALYZER_NONNULL = YES;
				CLANG_ANALYZER_NUMBER_OBJECT_CONVERSION = YES_AGGRESSIVE;
				CLANG_CXX_LANGUAGE_STANDARD = "gnu++20";
				CLANG_ENABLE_MODULES = YES;
				CLANG_ENABLE_OBJC_ARC = YES;
				CLANG_ENABLE_OBJC_WEAK = YES;
				CLANG_WARN_BLOCK_CAPTURE_AUTORELEASING = YES;
				CLANG_WARN_BOOL_CONVERSION = YES;
				CLANG_WARN_COMMA = YES;
				CLANG_WARN_CONSTANT_CONVERSION = YES;
				CLANG_WARN_DEPRECATED_OBJC_IMPLEMENTATIONS = YES;
				CLANG_WARN_DIRECT_OBJC_ISA_USAGE = YES_ERROR;
				CLANG_WARN_DOCUMENTATION_COMMENTS = YES;
				CLANG_WARN_EMPTY_BODY = YES;
				CLANG_WARN_ENUM_CONVERSION = YES;
				CLANG_WARN_INFINITE_RECURSION = YES;
				CLANG_WARN_INT_CONVERSION = YES;
				CLANG_WARN_NON_LITERAL_NULL_CONVERSION = YES;
				CLANG_WARN_OBJC_IMPLICIT_RETAIN_SELF = YES;
				CLANG_WARN_OBJC_LITERAL_CONVERSION = YES;
				CLANG_WARN_OBJC_ROOT_CLASS = YES_ERROR;
				CLANG_WARN_QUOTED_INCLUDE_IN_FRAMEWORK_HEADER = YES;
				CLANG_WARN_RANGE_LOOP_ANALYSIS = YES;
				CLANG_WARN_STRICT_PROTOTYPES = YES;
				CLANG_WARN_SUSPICIOUS_MOVE = YES;
				CLANG_WARN_UNGUARDED_AVAILABILITY = YES_AGGRESSIVE;
				CLANG_WARN_UNREACHABLE_CODE = YES;
				CLANG_WARN__DUPLICATE_METHOD_MATCH = YES;
				COPY_PHASE_STRIP = NO;
				DEBUG_INFORMATION_FORMAT = dwarf;
				ENABLE_STRICT_OBJC_MSGSEND = YES;
				ENABLE_TESTABILITY = YES;
				ENABLE_USER_SCRIPT_SANDBOXING = YES;
				GCC_C_LANGUAGE_STANDARD = gnu17;
				GCC_DYNAMIC_NO_PIC = NO;
				GCC_NO_COMMON_BLOCKS = YES;
				GCC_OPTIMIZATION_LEVEL = 0;
				GCC_PREPROCESSOR_DEFINITIONS = (
					"DEBUG=1",
					"$(inherited)",
				);
				GCC_WARN_64_TO_32_BIT_CONVERSION = YES;
				GCC_WARN_ABOUT_RETURN_TYPE = YES_ERROR;
				GCC_WARN_UNDECLARED_SELECTOR = YES;
				GCC_WARN_UNINITIALIZED_AUTOS = YES_AGGRESSIVE;
				GCC_WARN_UNUSED_FUNCTION = YES;
				GCC_WARN_UNUSED_VARIABLE = YES;
				IPHONEOS_DEPLOYMENT_TARGET = 18.2;
				LOCALIZATION_PREFERS_STRING_CATALOGS = YES;
				MTL_ENABLE_DEBUG_INFO = INCLUDE_SOURCE;
				MTL_FAST_MATH = YES;
				ONLY_ACTIVE_ARCH = YES;
				SDKROOT = iphoneos;
				SWIFT_ACTIVE_COMPILATION_CONDITIONS = "DEBUG $(inherited)";
				SWIFT_OPTIMIZATION_LEVEL = "-Onone";
			};
			name = Debug;
		};
		705CEACF2D4CF07E00236AEF /* Release */ = {
			isa = XCBuildConfiguration;
			buildSettings = {
				ALWAYS_SEARCH_USER_PATHS = NO;
				ASSETCATALOG_COMPILER_GENERATE_SWIFT_ASSET_SYMBOL_EXTENSIONS = YES;
				CLANG_ANALYZER_NONNULL = YES;
				CLANG_ANALYZER_NUMBER_OBJECT_CONVERSION = YES_AGGRESSIVE;
				CLANG_CXX_LANGUAGE_STANDARD = "gnu++20";
				CLANG_ENABLE_MODULES = YES;
				CLANG_ENABLE_OBJC_ARC = YES;
				CLANG_ENABLE_OBJC_WEAK = YES;
				CLANG_WARN_BLOCK_CAPTURE_AUTORELEASING = YES;
				CLANG_WARN_BOOL_CONVERSION = YES;
				CLANG_WARN_COMMA = YES;
				CLANG_WARN_CONSTANT_CONVERSION = YES;
				CLANG_WARN_DEPRECATED_OBJC_IMPLEMENTATIONS = YES;
				CLANG_WARN_DIRECT_OBJC_ISA_USAGE = YES_ERROR;
				CLANG_WARN_DOCUMENTATION_COMMENTS = YES;
				CLANG_WARN_EMPTY_BODY = YES;
				CLANG_WARN_ENUM_CONVERSION = YES;
				CLANG_WARN_INFINITE_RECURSION = YES;
				CLANG_WARN_INT_CONVERSION = YES;
				CLANG_WARN_NON_LITERAL_NULL_CONVERSION = YES;
				CLANG_WARN_OBJC_IMPLICIT_RETAIN_SELF = YES;
				CLANG_WARN_OBJC_LITERAL_CONVERSION = YES;
				CLANG_WARN_OBJC_ROOT_CLASS = YES_ERROR;
				CLANG_WARN_QUOTED_INCLUDE_IN_FRAMEWORK_HEADER = YES;
				CLANG_WARN_RANGE_LOOP_ANALYSIS = YES;
				CLANG_WARN_STRICT_PROTOTYPES = YES;
				CLANG_WARN_SUSPICIOUS_MOVE = YES;
				CLANG_WARN_UNGUARDED_AVAILABILITY = YES_AGGRESSIVE;
				CLANG_WARN_UNREACHABLE_CODE = YES;
				CLANG_WARN__DUPLICATE_METHOD_MATCH = YES;
				COPY_PHASE_STRIP = NO;
				DEBUG_INFORMATION_FORMAT = "dwarf-with-dsym";
				ENABLE_NS_ASSERTIONS = NO;
				ENABLE_STRICT_OBJC_MSGSEND = YES;
				ENABLE_USER_SCRIPT_SANDBOXING = YES;
				GCC_C_LANGUAGE_STANDARD = gnu17;
				GCC_NO_COMMON_BLOCKS = YES;
				GCC_WARN_64_TO_32_BIT_CONVERSION = YES;
				GCC_WARN_ABOUT_RETURN_TYPE = YES_ERROR;
				GCC_WARN_UNDECLARED_SELECTOR = YES;
				GCC_WARN_UNINITIALIZED_AUTOS = YES_AGGRESSIVE;
				GCC_WARN_UNUSED_FUNCTION = YES;
				GCC_WARN_UNUSED_VARIABLE = YES;
				IPHONEOS_DEPLOYMENT_TARGET = 18.2;
				LOCALIZATION_PREFERS_STRING_CATALOGS = YES;
				MTL_ENABLE_DEBUG_INFO = NO;
				MTL_FAST_MATH = YES;
				SDKROOT = iphoneos;
				SWIFT_COMPILATION_MODE = wholemodule;
				VALIDATE_PRODUCT = YES;
			};
			name = Release;
		};
		705CEAD12D4CF07E00236AEF /* Debug */ = {
			isa = XCBuildConfiguration;
			buildSettings = {
				ASSETCATALOG_COMPILER_APPICON_NAME = AppIcon;
				ASSETCATALOG_COMPILER_GLOBAL_ACCENT_COLOR_NAME = AccentColor;
				CODE_SIGN_STYLE = Automatic;
				CURRENT_PROJECT_VERSION = 1;
				DEVELOPMENT_ASSET_PATHS = "\"Palliad/Preview Content\"";
				ENABLE_PREVIEWS = YES;
				GENERATE_INFOPLIST_FILE = YES;
				INFOPLIST_KEY_UIApplicationSceneManifest_Generation = YES;
				INFOPLIST_KEY_UIApplicationSupportsIndirectInputEvents = YES;
				INFOPLIST_KEY_UILaunchScreen_Generation = YES;
				INFOPLIST_KEY_UISupportedInterfaceOrientations_iPad = "UIInterfaceOrientationPortrait UIInterfaceOrientationPortraitUpsideDown UIInterfaceOrientationLandscapeLeft UIInterfaceOrientationLandscapeRight";
				INFOPLIST_KEY_UISupportedInterfaceOrientations_iPhone = "UIInterfaceOrientationPortrait UIInterfaceOrientationLandscapeLeft UIInterfaceOrientationLandscapeRight";
				LD_RUNPATH_SEARCH_PATHS = (
					"$(inherited)",
					"@executable_path/Frameworks",
				);
				MARKETING_VERSION = 1.0;
				PRODUCT_BUNDLE_IDENTIFIER = com.chlaliotis.palliad.Palliad;
				PRODUCT_NAME = "$(TARGET_NAME)";
				SWIFT_EMIT_LOC_STRINGS = YES;
				SWIFT_VERSION = 5.0;
				TARGETED_DEVICE_FAMILY = "1,2";
			};
			name = Debug;
		};
		705CEAD22D4CF07E00236AEF /* Release */ = {
			isa = XCBuildConfiguration;
			buildSettings = {
				ASSETCATALOG_COMPILER_APPICON_NAME = AppIcon;
				ASSETCATALOG_COMPILER_GLOBAL_ACCENT_COLOR_NAME = AccentColor;
				CODE_SIGN_STYLE = Automatic;
				CURRENT_PROJECT_VERSION = 1;
				DEVELOPMENT_ASSET_PATHS = "\"Palliad/Preview Content\"";
				ENABLE_PREVIEWS = YES;
				GENERATE_INFOPLIST_FILE = YES;
				INFOPLIST_KEY_UIApplicationSceneManifest_Generation = YES;
				INFOPLIST_KEY_UIApplicationSupportsIndirectInputEvents = YES;
				INFOPLIST_KEY_UILaunchScreen_Generation = YES;
				INFOPLIST_KEY_UISupportedInterfaceOrientations_iPad = "UIInterfaceOrientationPortrait UIInterfaceOrientationPortraitUpsideDown UIInterfaceOrientationLandscapeLeft UIInterfaceOrientationLandscapeRight";
				INFOPLIST_KEY_UISupportedInterfaceOrientations_iPhone = "UIInterfaceOrientationPortrait UIInterfaceOrientationLandscapeLeft UIInterfaceOrientationLandscapeRight";
				LD_RUNPATH_SEARCH_PATHS = (
					"$(inherited)",
					"@executable_path/Frameworks",
				);
				MARKETING_VERSION = 1.0;
				PRODUCT_BUNDLE_IDENTIFIER = com.chlaliotis.palliad.Palliad;
				PRODUCT_NAME = "$(TARGET_NAME)";
				SWIFT_EMIT_LOC_STRINGS = YES;
				SWIFT_VERSION = 5.0;
				TARGETED_DEVICE_FAMILY = "1,2";
			};
			name = Release;
		};
		705CEAD42D4CF07E00236AEF /* Debug */ = {
			isa = XCBuildConfiguration;
			buildSettings = {
				BUNDLE_LOADER = "$(TEST_HOST)";
				CODE_SIGN_STYLE = Automatic;
				CURRENT_PROJECT_VERSION = 1;
				GENERATE_INFOPLIST_FILE = YES;
				IPHONEOS_DEPLOYMENT_TARGET = 18.2;
				MARKETING_VERSION = 1.0;
				PRODUCT_BUNDLE_IDENTIFIER = com.chlaliotis.palliad.PalliadTests;
				PRODUCT_NAME = "$(TARGET_NAME)";
				SWIFT_EMIT_LOC_STRINGS = NO;
				SWIFT_VERSION = 5.0;
				TARGETED_DEVICE_FAMILY = "1,2";
				TEST_HOST = "$(BUILT_PRODUCTS_DIR)/Palliad.app/$(BUNDLE_EXECUTABLE_FOLDER_PATH)/Palliad";
			};
			name = Debug;
		};
		705CEAD52D4CF07E00236AEF /* Release */ = {
			isa = XCBuildConfiguration;
			buildSettings = {
				BUNDLE_LOADER = "$(TEST_HOST)";
				CODE_SIGN_STYLE = Automatic;
				CURRENT_PROJECT_VERSION = 1;
				GENERATE_INFOPLIST_FILE = YES;
				IPHONEOS_DEPLOYMENT_TARGET = 18.2;
				MARKETING_VERSION = 1.0;
				PRODUCT_BUNDLE_IDENTIFIER = com.chlaliotis.palliad.PalliadTests;
				PRODUCT_NAME = "$(TARGET_NAME)";
				SWIFT_EMIT_LOC_STRINGS = NO;
				SWIFT_VERSION = 5.0;
				TARGETED_DEVICE_FAMILY = "1,2";
				TEST_HOST = "$(BUILT_PRODUCTS_DIR)/Palliad.app/$(BUNDLE_EXECUTABLE_FOLDER_PATH)/Palliad";
			};
			name = Release;
		};
		705CEAD72D4CF07E00236AEF /* Debug */ = {
			isa = XCBuildConfiguration;
			buildSettings = {
				CODE_SIGN_STYLE = Automatic;
				CURRENT_PROJECT_VERSION = 1;
				GENERATE_INFOPLIST_FILE = YES;
				MARKETING_VERSION = 1.0;
				PRODUCT_BUNDLE_IDENTIFIER = com.chlaliotis.palliad.PalliadUITests;
				PRODUCT_NAME = "$(TARGET_NAME)";
				SWIFT_EMIT_LOC_STRINGS = NO;
				SWIFT_VERSION = 5.0;
				TARGETED_DEVICE_FAMILY = "1,2";
				TEST_TARGET_NAME = Palliad;
			};
			name = Debug;
		};
		705CEAD82D4CF07E00236AEF /* Release */ = {
			isa = XCBuildConfiguration;
			buildSettings = {
				CODE_SIGN_STYLE = Automatic;
				CURRENT_PROJECT_VERSION = 1;
				GENERATE_INFOPLIST_FILE = YES;
				MARKETING_VERSION = 1.0;
				PRODUCT_BUNDLE_IDENTIFIER = com.chlaliotis.palliad.PalliadUITests;
				PRODUCT_NAME = "$(TARGET_NAME)";
				SWIFT_EMIT_LOC_STRINGS = NO;
				SWIFT_VERSION = 5.0;
				TARGETED_DEVICE_FAMILY = "1,2";
				TEST_TARGET_NAME = Palliad;
			};
			name = Release;
		};
/* End XCBuildConfiguration section */

/* Begin XCConfigurationList section */
		705CEAA52D4CF07D00236AEF /* Build configuration list for PBXProject "Palliad" */ = {
			isa = XCConfigurationList;
			buildConfigurations = (
				705CEACE2D4CF07E00236AEF /* Debug */,
				705CEACF2D4CF07E00236AEF /* Release */,
			);
			defaultConfigurationIsVisible = 0;
			defaultConfigurationName = Release;
		};
		705CEAD02D4CF07E00236AEF /* Build configuration list for PBXNativeTarget "Palliad" */ = {
			isa = XCConfigurationList;
			buildConfigurations = (
				705CEAD12D4CF07E00236AEF /* Debug */,
				705CEAD22D4CF07E00236AEF /* Release */,
			);
			defaultConfigurationIsVisible = 0;
			defaultConfigurationName = Release;
		};
		705CEAD32D4CF07E00236AEF /* Build configuration list for PBXNativeTarget "PalliadTests" */ = {
			isa = XCConfigurationList;
			buildConfigurations = (
				705CEAD42D4CF07E00236AEF /* Debug */,
				705CEAD52D4CF07E00236AEF /* Release */,
			);
			defaultConfigurationIsVisible = 0;
			defaultConfigurationName = Release;
		};
		705CEAD62D4CF07E00236AEF /* Build configuration list for PBXNativeTarget "PalliadUITests" */ = {
			isa = XCConfigurationList;
			buildConfigurations = (
				705CEAD72D4CF07E00236AEF /* Debug */,
				705CEAD82D4CF07E00236AEF /* Release */,
			);
			defaultConfigurationIsVisible = 0;
			defaultConfigurationName = Release;
		};
/* End XCConfigurationList section */
	};
	rootObject = 705CEAA22D4CF07D00236AEF /* Project object */;
}
